{
  "name": "collatz",
  "version": "1.0.0",
  "lockfileVersion": 2,
  "requires": true,
  "packages": {
    "": {
      "name": "collatz",
      "version": "1.0.0",
      "license": "Unlicense",
      "devDependencies": {
        "@types/chart.js": "^2.9.40"
      }
    },
    "node_modules/@types/chart.js": {
      "version": "2.9.40",
      "resolved": "https://registry.npmjs.org/@types/chart.js/-/chart.js-2.9.40.tgz",
      "integrity": "sha512-ApIH2LIDXzKTNtG4oTMmn2CIII6lvRvxyKnmLb1zYFlwXtE4lTOb2ywgXQJYVuhgWpqaCSHSYOlzO+5gs6hL+A==",
      "dev": true,
      "dependencies": {
        "moment": "^2.10.2"
      }
    },
    "node_modules/moment": {
      "version": "2.29.4",
      "resolved": "https://registry.npmjs.org/moment/-/moment-2.29.4.tgz",
      "integrity": "sha512-5LC9SOxjSc2HF6vO2CyuTDNivEdoz2IvyJJGj6X8DJ0eFyfszE0QiEd+iXmBvUP3WHxSjFH/vIsA0EN00cgr8w==",
      "dev": true,
      "engines": {
        "node": "*"
      }
    }
  },
  "dependencies": {
    "@types/chart.js": {
      "version": "2.9.40",
      "resolved": "https://registry.npmjs.org/@types/chart.js/-/chart.js-2.9.40.tgz",
      "integrity": "sha512-ApIH2LIDXzKTNtG4oTMmn2CIII6lvRvxyKnmLb1zYFlwXtE4lTOb2ywgXQJYVuhgWpqaCSHSYOlzO+5gs6hL+A==",
      "dev": true,
      "requires": {
        "moment": "^2.10.2"
      }
    },
    "moment": {
      "version": "2.29.4",
      "resolved": "https://registry.npmjs.org/moment/-/moment-2.29.4.tgz",
      "integrity": "sha512-5LC9SOxjSc2HF6vO2CyuTDNivEdoz2IvyJJGj6X8DJ0eFyfszE0QiEd+iXmBvUP3WHxSjFH/vIsA0EN00cgr8w==",
      "dev": true
    }
  }
}
